
Microsoft Visual Studio Solution File, Format Version 12.00
# Visual Studio Version 17
VisualStudioVersion = 17.0.31912.275
MinimumVisualStudioVersion = 10.0.40219.1
Project("{FAE04EC0-301F-11D3-BF4B-00C04F79EFBC}") = "WhiteWineQuality", "WhiteWineQuality\WhiteWineQuality.csproj", "{8CADF8F6-1150-4596-B592-7E7684C0F5AE}"
EndProject
Global
	GlobalSection(SolutionConfigurationPlatforms) = preSolution
		Debug|Any CPU = Debug|Any CPU
		Release|Any CPU = Release|Any CPU
	EndGlobalSection
	GlobalSection(ProjectConfigurationPlatforms) = postSolution
		{8CADF8F6-1150-4596-B592-7E7684C0F5AE}.Debug|Any CPU.ActiveCfg = Debug|Any CPU
		{8CADF8F6-1150-4596-B592-7E7684C0F5AE}.Debug|Any CPU.Build.0 = Debug|Any CPU
		{8CADF8F6-1150-4596-B592-7E7684C0F5AE}.Release|Any CPU.ActiveCfg = Release|Any CPU
		{8CADF8F6-1150-4596-B592-7E7684C0F5AE}.Release|Any CPU.Build.0 = Release|Any CPU
	EndGlobalSection
	GlobalSection(SolutionProperties) = preSolution
		HideSolutionNode = FALSE
	EndGlobalSection
	GlobalSection(ExtensibilityGlobals) = postSolution
		SolutionGuid = {26307481-1F64-41A5-A9BB-660AB0D1A4FE}
	EndGlobalSection
EndGlobal
